// !$*UTF8*$!
{
	archiveVersion = 1;
	classes = {
	};
	objectVersion = 55;
	objects = {

/* Begin PBXBuildFile section */
		BC2C39DB2874AEBB008854CE /* AppDelegate.swift in Sources */ = {isa = PBXBuildFile; fileRef = BC2C39DA2874AEBB008854CE /* AppDelegate.swift */; };
		BC2C39DD2874AEBB008854CE /* SceneDelegate.swift in Sources */ = {isa = PBXBuildFile; fileRef = BC2C39DC2874AEBB008854CE /* SceneDelegate.swift */; };
		BC2C39DF2874AEBB008854CE /* FeaturedViewController.swift in Sources */ = {isa = PBXBuildFile; fileRef = BC2C39DE2874AEBB008854CE /* FeaturedViewController.swift */; };
		BC2C39E22874AEBB008854CE /* Main.storyboard in Resources */ = {isa = PBXBuildFile; fileRef = BC2C39E02874AEBB008854CE /* Main.storyboard */; };
		BC2C39E42874AEBC008854CE /* Assets.xcassets in Resources */ = {isa = PBXBuildFile; fileRef = BC2C39E32874AEBC008854CE /* Assets.xcassets */; };
		BC2C39E72874AEBC008854CE /* LaunchScreen.storyboard in Resources */ = {isa = PBXBuildFile; fileRef = BC2C39E52874AEBC008854CE /* LaunchScreen.storyboard */; };
		BC4A15EC287DEE4800000E95 /* Movie.swift in Sources */ = {isa = PBXBuildFile; fileRef = BC4A15EB287DEE4800000E95 /* Movie.swift */; };
		BC4A15F2287DF52B00000E95 /* Movie+Upcoming.swift in Sources */ = {isa = PBXBuildFile; fileRef = BC4A15ED287DF52A00000E95 /* Movie+Upcoming.swift */; };
		BC4A15F3287DF52B00000E95 /* Movie+Popular.swift in Sources */ = {isa = PBXBuildFile; fileRef = BC4A15EE287DF52A00000E95 /* Movie+Popular.swift */; };
		BC4A15F4287DF52B00000E95 /* Movie+TrendingToday.swift in Sources */ = {isa = PBXBuildFile; fileRef = BC4A15EF287DF52A00000E95 /* Movie+TrendingToday.swift */; };
		BC4A15F5287DF52B00000E95 /* Movie+NowPlaying.swift in Sources */ = {isa = PBXBuildFile; fileRef = BC4A15F0287DF52A00000E95 /* Movie+NowPlaying.swift */; };
		BC4A15F6287DF52B00000E95 /* Movie+TrendingThisWeek.swift in Sources */ = {isa = PBXBuildFile; fileRef = BC4A15F1287DF52A00000E95 /* Movie+TrendingThisWeek.swift */; };
		BC4A15F8287E144B00000E95 /* FeaturedViewController+UICollectionViewDataSource.swift in Sources */ = {isa = PBXBuildFile; fileRef = BC4A15F7287E144B00000E95 /* FeaturedViewController+UICollectionViewDataSource.swift */; };
		BCF4FDB7287C99AB00FB8E9B /* PopularCollectionViewCell.swift in Sources */ = {isa = PBXBuildFile; fileRef = BCF4FDB6287C99AB00FB8E9B /* PopularCollectionViewCell.swift */; };
		BCF4FDB9287C99E400FB8E9B /* NowPlayingCollectionViewCell.swift in Sources */ = {isa = PBXBuildFile; fileRef = BCF4FDB8287C99E400FB8E9B /* NowPlayingCollectionViewCell.swift */; };
		BCF4FDBC287C9CDF00FB8E9B /* UpcomingCollectionViewCell.swift in Sources */ = {isa = PBXBuildFile; fileRef = BCF4FDBB287C9CDF00FB8E9B /* UpcomingCollectionViewCell.swift */; };
/* End PBXBuildFile section */

/* Begin PBXFileReference section */
		BC2C39D72874AEBB008854CE /* Challenge3.app */ = {isa = PBXFileReference; explicitFileType = wrapper.application; includeInIndex = 0; path = Challenge3.app; sourceTree = BUILT_PRODUCTS_DIR; };
		BC2C39DA2874AEBB008854CE /* AppDelegate.swift */ = {isa = PBXFileReference; lastKnownFileType = sourcecode.swift; path = AppDelegate.swift; sourceTree = "<group>"; };
		BC2C39DC2874AEBB008854CE /* SceneDelegate.swift */ = {isa = PBXFileReference; lastKnownFileType = sourcecode.swift; path = SceneDelegate.swift; sourceTree = "<group>"; };
		BC2C39DE2874AEBB008854CE /* FeaturedViewController.swift */ = {isa = PBXFileReference; lastKnownFileType = sourcecode.swift; path = FeaturedViewController.swift; sourceTree = "<group>"; };
		BC2C39E12874AEBB008854CE /* Base */ = {isa = PBXFileReference; lastKnownFileType = file.storyboard; name = Base; path = Base.lproj/Main.storyboard; sourceTree = "<group>"; };
		BC2C39E32874AEBC008854CE /* Assets.xcassets */ = {isa = PBXFileReference; lastKnownFileType = folder.assetcatalog; path = Assets.xcassets; sourceTree = "<group>"; };
		BC2C39E62874AEBC008854CE /* Base */ = {isa = PBXFileReference; lastKnownFileType = file.storyboard; name = Base; path = Base.lproj/LaunchScreen.storyboard; sourceTree = "<group>"; };
		BC2C39E82874AEBC008854CE /* Info.plist */ = {isa = PBXFileReference; lastKnownFileType = text.plist.xml; path = Info.plist; sourceTree = "<group>"; };
		BC4A15EB287DEE4800000E95 /* Movie.swift */ = {isa = PBXFileReference; lastKnownFileType = sourcecode.swift; path = Movie.swift; sourceTree = "<group>"; };
		BC4A15ED287DF52A00000E95 /* Movie+Upcoming.swift */ = {isa = PBXFileReference; fileEncoding = 4; lastKnownFileType = sourcecode.swift; path = "Movie+Upcoming.swift"; sourceTree = "<group>"; };
		BC4A15EE287DF52A00000E95 /* Movie+Popular.swift */ = {isa = PBXFileReference; fileEncoding = 4; lastKnownFileType = sourcecode.swift; path = "Movie+Popular.swift"; sourceTree = "<group>"; };
		BC4A15EF287DF52A00000E95 /* Movie+TrendingToday.swift */ = {isa = PBXFileReference; fileEncoding = 4; lastKnownFileType = sourcecode.swift; path = "Movie+TrendingToday.swift"; sourceTree = "<group>"; };
		BC4A15F0287DF52A00000E95 /* Movie+NowPlaying.swift */ = {isa = PBXFileReference; fileEncoding = 4; lastKnownFileType = sourcecode.swift; path = "Movie+NowPlaying.swift"; sourceTree = "<group>"; };
		BC4A15F1287DF52A00000E95 /* Movie+TrendingThisWeek.swift */ = {isa = PBXFileReference; fileEncoding = 4; lastKnownFileType = sourcecode.swift; path = "Movie+TrendingThisWeek.swift"; sourceTree = "<group>"; };
		BC4A15F7287E144B00000E95 /* FeaturedViewController+UICollectionViewDataSource.swift */ = {isa = PBXFileReference; lastKnownFileType = sourcecode.swift; path = "FeaturedViewController+UICollectionViewDataSource.swift"; sourceTree = "<group>"; };
		BCF4FDB6287C99AB00FB8E9B /* PopularCollectionViewCell.swift */ = {isa = PBXFileReference; lastKnownFileType = sourcecode.swift; path = PopularCollectionViewCell.swift; sourceTree = "<group>"; };
		BCF4FDB8287C99E400FB8E9B /* NowPlayingCollectionViewCell.swift */ = {isa = PBXFileReference; lastKnownFileType = sourcecode.swift; path = NowPlayingCollectionViewCell.swift; sourceTree = "<group>"; };
		BCF4FDBB287C9CDF00FB8E9B /* UpcomingCollectionViewCell.swift */ = {isa = PBXFileReference; lastKnownFileType = sourcecode.swift; path = UpcomingCollectionViewCell.swift; sourceTree = "<group>"; };
/* End PBXFileReference section */

/* Begin PBXFrameworksBuildPhase section */
		BC2C39D42874AEBB008854CE /* Frameworks */ = {
			isa = PBXFrameworksBuildPhase;
			buildActionMask = 2147483647;
			files = (
			);
			runOnlyForDeploymentPostprocessing = 0;
		};
/* End PBXFrameworksBuildPhase section */

/* Begin PBXGroup section */
		BC2C39CE2874AEBB008854CE = {
			isa = PBXGroup;
			children = (
				BC2C39D92874AEBB008854CE /* Challenge3 */,
				BC2C39D82874AEBB008854CE /* Products */,
			);
			sourceTree = "<group>";
		};
		BC2C39D82874AEBB008854CE /* Products */ = {
			isa = PBXGroup;
			children = (
				BC2C39D72874AEBB008854CE /* Challenge3.app */,
			);
			name = Products;
			sourceTree = "<group>";
		};
		BC2C39D92874AEBB008854CE /* Challenge3 */ = {
			isa = PBXGroup;
			children = (
				BC4A15EA287DEDF600000E95 /* Models */,
				BC2C39DA2874AEBB008854CE /* AppDelegate.swift */,
				BC2C39DC2874AEBB008854CE /* SceneDelegate.swift */,
				BCF4FDBA287C9AFD00FB8E9B /* View */,
				BCF4FDB5287C994000FB8E9B /* Controllers */,
				BCF4FDBD287C9E5200FB8E9B /* SupportingFiles */,
			);
			path = Challenge3;
			sourceTree = "<group>";
		};
		BC4A15EA287DEDF600000E95 /* Models */ = {
			isa = PBXGroup;
			children = (
				BC4A15F0287DF52A00000E95 /* Movie+NowPlaying.swift */,
				BC4A15EE287DF52A00000E95 /* Movie+Popular.swift */,
				BC4A15F1287DF52A00000E95 /* Movie+TrendingThisWeek.swift */,
				BC4A15EF287DF52A00000E95 /* Movie+TrendingToday.swift */,
				BC4A15ED287DF52A00000E95 /* Movie+Upcoming.swift */,
				BC4A15EB287DEE4800000E95 /* Movie.swift */,
			);
			path = Models;
			sourceTree = "<group>";
		};
		BCF4FDB5287C994000FB8E9B /* Controllers */ = {
			isa = PBXGroup;
			children = (
				BC2C39DE2874AEBB008854CE /* FeaturedViewController.swift */,
				BC4A15F7287E144B00000E95 /* FeaturedViewController+UICollectionViewDataSource.swift */,
			);
			path = Controllers;
			sourceTree = "<group>";
		};
		BCF4FDBA287C9AFD00FB8E9B /* View */ = {
			isa = PBXGroup;
			children = (
				BC2C39E02874AEBB008854CE /* Main.storyboard */,
				BCF4FDBB287C9CDF00FB8E9B /* UpcomingCollectionViewCell.swift */,
				BCF4FDB6287C99AB00FB8E9B /* PopularCollectionViewCell.swift */,
				BCF4FDB8287C99E400FB8E9B /* NowPlayingCollectionViewCell.swift */,
				BC2C39E52874AEBC008854CE /* LaunchScreen.storyboard */,
			);
			path = View;
			sourceTree = "<group>";
		};
		BCF4FDBD287C9E5200FB8E9B /* SupportingFiles */ = {
			isa = PBXGroup;
			children = (
				BC2C39E82874AEBC008854CE /* Info.plist */,
				BC2C39E32874AEBC008854CE /* Assets.xcassets */,
			);
			name = SupportingFiles;
			sourceTree = "<group>";
		};
/* End PBXGroup section */

/* Begin PBXNativeTarget section */
		BC2C39D62874AEBB008854CE /* Challenge3 */ = {
			isa = PBXNativeTarget;
			buildConfigurationList = BC2C39EB2874AEBC008854CE /* Build configuration list for PBXNativeTarget "Challenge3" */;
			buildPhases = (
				BC2C39D32874AEBB008854CE /* Sources */,
				BC2C39D42874AEBB008854CE /* Frameworks */,
				BC2C39D52874AEBB008854CE /* Resources */,
			);
			buildRules = (
			);
			dependencies = (
			);
			name = Challenge3;
			productName = Challenge3;
			productReference = BC2C39D72874AEBB008854CE /* Challenge3.app */;
			productType = "com.apple.product-type.application";
		};
/* End PBXNativeTarget section */

/* Begin PBXProject section */
		BC2C39CF2874AEBB008854CE /* Project object */ = {
			isa = PBXProject;
			attributes = {
				BuildIndependentTargetsInParallel = 1;
				LastSwiftUpdateCheck = 1320;
				LastUpgradeCheck = 1320;
				TargetAttributes = {
					BC2C39D62874AEBB008854CE = {
						CreatedOnToolsVersion = 13.2.1;
					};
				};
			};
			buildConfigurationList = BC2C39D22874AEBB008854CE /* Build configuration list for PBXProject "Challenge3" */;
			compatibilityVersion = "Xcode 13.0";
			developmentRegion = en;
			hasScannedForEncodings = 0;
			knownRegions = (
				en,
				Base,
			);
			mainGroup = BC2C39CE2874AEBB008854CE;
			productRefGroup = BC2C39D82874AEBB008854CE /* Products */;
			projectDirPath = "";
			projectRoot = "";
			targets = (
				BC2C39D62874AEBB008854CE /* Challenge3 */,
			);
		};
/* End PBXProject section */

/* Begin PBXResourcesBuildPhase section */
		BC2C39D52874AEBB008854CE /* Resources */ = {
			isa = PBXResourcesBuildPhase;
			buildActionMask = 2147483647;
			files = (
				BC2C39E72874AEBC008854CE /* LaunchScreen.storyboard in Resources */,
				BC2C39E42874AEBC008854CE /* Assets.xcassets in Resources */,
				BC2C39E22874AEBB008854CE /* Main.storyboard in Resources */,
			);
			runOnlyForDeploymentPostprocessing = 0;
		};
/* End PBXResourcesBuildPhase section */

/* Begin PBXSourcesBuildPhase section */
		BC2C39D32874AEBB008854CE /* Sources */ = {
			isa = PBXSourcesBuildPhase;
			buildActionMask = 2147483647;
			files = (
				BC4A15EC287DEE4800000E95 /* Movie.swift in Sources */,
				BC4A15F4287DF52B00000E95 /* Movie+TrendingToday.swift in Sources */,
				BCF4FDBC287C9CDF00FB8E9B /* UpcomingCollectionViewCell.swift in Sources */,
				BC4A15F3287DF52B00000E95 /* Movie+Popular.swift in Sources */,
				BC4A15F8287E144B00000E95 /* FeaturedViewController+UICollectionViewDataSource.swift in Sources */,
				BCF4FDB9287C99E400FB8E9B /* NowPlayingCollectionViewCell.swift in Sources */,
				BCF4FDB7287C99AB00FB8E9B /* PopularCollectionViewCell.swift in Sources */,
				BC4A15F5287DF52B00000E95 /* Movie+NowPlaying.swift in Sources */,
				BC4A15F2287DF52B00000E95 /* Movie+Upcoming.swift in Sources */,
				BC2C39DF2874AEBB008854CE /* FeaturedViewController.swift in Sources */,
				BC4A15F6287DF52B00000E95 /* Movie+TrendingThisWeek.swift in Sources */,
				BC2C39DB2874AEBB008854CE /* AppDelegate.swift in Sources */,
				BC2C39DD2874AEBB008854CE /* SceneDelegate.swift in Sources */,
			);
			runOnlyForDeploymentPostprocessing = 0;
		};
/* End PBXSourcesBuildPhase section */

/* Begin PBXVariantGroup section */
		BC2C39E02874AEBB008854CE /* Main.storyboard */ = {
			isa = PBXVariantGroup;
			children = (
				BC2C39E12874AEBB008854CE /* Base */,
			);
			name = Main.storyboard;
			sourceTree = "<group>";
		};
		BC2C39E52874AEBC008854CE /* LaunchScreen.storyboard */ = {
			isa = PBXVariantGroup;
			children = (
				BC2C39E62874AEBC008854CE /* Base */,
			);
			name = LaunchScreen.storyboard;
			sourceTree = "<group>";
		};
/* End PBXVariantGroup section */

/* Begin XCBuildConfiguration section */
		BC2C39E92874AEBC008854CE /* Debug */ = {
			isa = XCBuildConfiguration;
			buildSettings = {
				ALWAYS_SEARCH_USER_PATHS = NO;
				CLANG_ANALYZER_NONNULL = YES;
				CLANG_ANALYZER_NUMBER_OBJECT_CONVERSION = YES_AGGRESSIVE;
				CLANG_CXX_LANGUAGE_STANDARD = "gnu++17";
				CLANG_CXX_LIBRARY = "libc++";
				CLANG_ENABLE_MODULES = YES;
				CLANG_ENABLE_OBJC_ARC = YES;
				CLANG_ENABLE_OBJC_WEAK = YES;
				CLANG_WARN_BLOCK_CAPTURE_AUTORELEASING = YES;
				CLANG_WARN_BOOL_CONVERSION = YES;
				CLANG_WARN_COMMA = YES;
				CLANG_WARN_CONSTANT_CONVERSION = YES;
				CLANG_WARN_DEPRECATED_OBJC_IMPLEMENTATIONS = YES;
				CLANG_WARN_DIRECT_OBJC_ISA_USAGE = YES_ERROR;
				CLANG_WARN_DOCUMENTATION_COMMENTS = YES;
				CLANG_WARN_EMPTY_BODY = YES;
				CLANG_WARN_ENUM_CONVERSION = YES;
				CLANG_WARN_INFINITE_RECURSION = YES;
				CLANG_WARN_INT_CONVERSION = YES;
				CLANG_WARN_NON_LITERAL_NULL_CONVERSION = YES;
				CLANG_WARN_OBJC_IMPLICIT_RETAIN_SELF = YES;
				CLANG_WARN_OBJC_LITERAL_CONVERSION = YES;
				CLANG_WARN_OBJC_ROOT_CLASS = YES_ERROR;
				CLANG_WARN_QUOTED_INCLUDE_IN_FRAMEWORK_HEADER = YES;
				CLANG_WARN_RANGE_LOOP_ANALYSIS = YES;
				CLANG_WARN_STRICT_PROTOTYPES = YES;
				CLANG_WARN_SUSPICIOUS_MOVE = YES;
				CLANG_WARN_UNGUARDED_AVAILABILITY = YES_AGGRESSIVE;
				CLANG_WARN_UNREACHABLE_CODE = YES;
				CLANG_WARN__DUPLICATE_METHOD_MATCH = YES;
				COPY_PHASE_STRIP = NO;
				DEBUG_INFORMATION_FORMAT = dwarf;
				ENABLE_STRICT_OBJC_MSGSEND = YES;
				ENABLE_TESTABILITY = YES;
				GCC_C_LANGUAGE_STANDARD = gnu11;
				GCC_DYNAMIC_NO_PIC = NO;
				GCC_NO_COMMON_BLOCKS = YES;
				GCC_OPTIMIZATION_LEVEL = 0;
				GCC_PREPROCESSOR_DEFINITIONS = (
					"DEBUG=1",
					"$(inherited)",
				);
				GCC_WARN_64_TO_32_BIT_CONVERSION = YES;
				GCC_WARN_ABOUT_RETURN_TYPE = YES_ERROR;
				GCC_WARN_UNDECLARED_SELECTOR = YES;
				GCC_WARN_UNINITIALIZED_AUTOS = YES_AGGRESSIVE;
				GCC_WARN_UNUSED_FUNCTION = YES;
				GCC_WARN_UNUSED_VARIABLE = YES;
				IPHONEOS_DEPLOYMENT_TARGET = 15.2;
				MTL_ENABLE_DEBUG_INFO = INCLUDE_SOURCE;
				MTL_FAST_MATH = YES;
				ONLY_ACTIVE_ARCH = YES;
				SDKROOT = iphoneos;
				SWIFT_ACTIVE_COMPILATION_CONDITIONS = DEBUG;
				SWIFT_OPTIMIZATION_LEVEL = "-Onone";
			};
			name = Debug;
		};
		BC2C39EA2874AEBC008854CE /* Release */ = {
			isa = XCBuildConfiguration;
			buildSettings = {
				ALWAYS_SEARCH_USER_PATHS = NO;
				CLANG_ANALYZER_NONNULL = YES;
				CLANG_ANALYZER_NUMBER_OBJECT_CONVERSION = YES_AGGRESSIVE;
				CLANG_CXX_LANGUAGE_STANDARD = "gnu++17";
				CLANG_CXX_LIBRARY = "libc++";
				CLANG_ENABLE_MODULES = YES;
				CLANG_ENABLE_OBJC_ARC = YES;
				CLANG_ENABLE_OBJC_WEAK = YES;
				CLANG_WARN_BLOCK_CAPTURE_AUTORELEASING = YES;
				CLANG_WARN_BOOL_CONVERSION = YES;
				CLANG_WARN_COMMA = YES;
				CLANG_WARN_CONSTANT_CONVERSION = YES;
				CLANG_WARN_DEPRECATED_OBJC_IMPLEMENTATIONS = YES;
				CLANG_WARN_DIRECT_OBJC_ISA_USAGE = YES_ERROR;
				CLANG_WARN_DOCUMENTATION_COMMENTS = YES;
				CLANG_WARN_EMPTY_BODY = YES;
				CLANG_WARN_ENUM_CONVERSION = YES;
				CLANG_WARN_INFINITE_RECURSION = YES;
				CLANG_WARN_INT_CONVERSION = YES;
				CLANG_WARN_NON_LITERAL_NULL_CONVERSION = YES;
				CLANG_WARN_OBJC_IMPLICIT_RETAIN_SELF = YES;
				CLANG_WARN_OBJC_LITERAL_CONVERSION = YES;
				CLANG_WARN_OBJC_ROOT_CLASS = YES_ERROR;
				CLANG_WARN_QUOTED_INCLUDE_IN_FRAMEWORK_HEADER = YES;
				CLANG_WARN_RANGE_LOOP_ANALYSIS = YES;
				CLANG_WARN_STRICT_PROTOTYPES = YES;
				CLANG_WARN_SUSPICIOUS_MOVE = YES;
				CLANG_WARN_UNGUARDED_AVAILABILITY = YES_AGGRESSIVE;
				CLANG_WARN_UNREACHABLE_CODE = YES;
				CLANG_WARN__DUPLICATE_METHOD_MATCH = YES;
				COPY_PHASE_STRIP = NO;
				DEBUG_INFORMATION_FORMAT = "dwarf-with-dsym";
				ENABLE_NS_ASSERTIONS = NO;
				ENABLE_STRICT_OBJC_MSGSEND = YES;
				GCC_C_LANGUAGE_STANDARD = gnu11;
				GCC_NO_COMMON_BLOCKS = YES;
				GCC_WARN_64_TO_32_BIT_CONVERSION = YES;
				GCC_WARN_ABOUT_RETURN_TYPE = YES_ERROR;
				GCC_WARN_UNDECLARED_SELECTOR = YES;
				GCC_WARN_UNINITIALIZED_AUTOS = YES_AGGRESSIVE;
				GCC_WARN_UNUSED_FUNCTION = YES;
				GCC_WARN_UNUSED_VARIABLE = YES;
				IPHONEOS_DEPLOYMENT_TARGET = 15.2;
				MTL_ENABLE_DEBUG_INFO = NO;
				MTL_FAST_MATH = YES;
				SDKROOT = iphoneos;
				SWIFT_COMPILATION_MODE = wholemodule;
				SWIFT_OPTIMIZATION_LEVEL = "-O";
				VALIDATE_PRODUCT = YES;
			};
			name = Release;
		};
		BC2C39EC2874AEBC008854CE /* Debug */ = {
			isa = XCBuildConfiguration;
			buildSettings = {
				ASSETCATALOG_COMPILER_APPICON_NAME = AppIcon;
				ASSETCATALOG_COMPILER_GLOBAL_ACCENT_COLOR_NAME = AccentColor;
				CODE_SIGN_STYLE = Automatic;
				CURRENT_PROJECT_VERSION = 1;
				DEVELOPMENT_TEAM = 9569K2P89M;
				GENERATE_INFOPLIST_FILE = YES;
				INFOPLIST_FILE = Challenge3/Info.plist;
				INFOPLIST_KEY_UIApplicationSupportsIndirectInputEvents = YES;
				INFOPLIST_KEY_UILaunchStoryboardName = LaunchScreen;
				INFOPLIST_KEY_UIMainStoryboardFile = Main;
				INFOPLIST_KEY_UISupportedInterfaceOrientations_iPad = "UIInterfaceOrientationPortrait UIInterfaceOrientationPortraitUpsideDown UIInterfaceOrientationLandscapeLeft UIInterfaceOrientationLandscapeRight";
				INFOPLIST_KEY_UISupportedInterfaceOrientations_iPhone = "UIInterfaceOrientationPortrait UIInterfaceOrientationLandscapeLeft UIInterfaceOrientationLandscapeRight";
				LD_RUNPATH_SEARCH_PATHS = (
					"$(inherited)",
					"@executable_path/Frameworks",
				);
				MARKETING_VERSION = 1.0;
				PRODUCT_BUNDLE_IDENTIFIER = br.ufpe.cin.academy.mvpc.Challenge3;
				PRODUCT_NAME = "$(TARGET_NAME)";
				SWIFT_EMIT_LOC_STRINGS = YES;
				SWIFT_VERSION = 5.0;
				TARGETED_DEVICE_FAMILY = "1,2";
			};
			name = Debug;
		};
		BC2C39ED2874AEBC008854CE /* Release */ = {
			isa = XCBuildConfiguration;
			buildSettings = {
				ASSETCATALOG_COMPILER_APPICON_NAME = AppIcon;
				ASSETCATALOG_COMPILER_GLOBAL_ACCENT_COLOR_NAME = AccentColor;
				CODE_SIGN_STYLE = Automatic;
				CURRENT_PROJECT_VERSION = 1;
				DEVELOPMENT_TEAM = 9569K2P89M;
				GENERATE_INFOPLIST_FILE = YES;
				INFOPLIST_FILE = Challenge3/Info.plist;
				INFOPLIST_KEY_UIApplicationSupportsIndirectInputEvents = YES;
				INFOPLIST_KEY_UILaunchStoryboardName = LaunchScreen;
				INFOPLIST_KEY_UIMainStoryboardFile = Main;
				INFOPLIST_KEY_UISupportedInterfaceOrientations_iPad = "UIInterfaceOrientationPortrait UIInterfaceOrientationPortraitUpsideDown UIInterfaceOrientationLandscapeLeft UIInterfaceOrientationLandscapeRight";
				INFOPLIST_KEY_UISupportedInterfaceOrientations_iPhone = "UIInterfaceOrientationPortrait UIInterfaceOrientationLandscapeLeft UIInterfaceOrientationLandscapeRight";
				LD_RUNPATH_SEARCH_PATHS = (
					"$(inherited)",
					"@executable_path/Frameworks",
				);
				MARKETING_VERSION = 1.0;
				PRODUCT_BUNDLE_IDENTIFIER = br.ufpe.cin.academy.mvpc.Challenge3;
				PRODUCT_NAME = "$(TARGET_NAME)";
				SWIFT_EMIT_LOC_STRINGS = YES;
				SWIFT_VERSION = 5.0;
				TARGETED_DEVICE_FAMILY = "1,2";
			};
			name = Release;
		};
/* End XCBuildConfiguration section */

/* Begin XCConfigurationList section */
		BC2C39D22874AEBB008854CE /* Build configuration list for PBXProject "Challenge3" */ = {
			isa = XCConfigurationList;
			buildConfigurations = (
				BC2C39E92874AEBC008854CE /* Debug */,
				BC2C39EA2874AEBC008854CE /* Release */,
			);
			defaultConfigurationIsVisible = 0;
			defaultConfigurationName = Release;
		};
		BC2C39EB2874AEBC008854CE /* Build configuration list for PBXNativeTarget "Challenge3" */ = {
			isa = XCConfigurationList;
			buildConfigurations = (
				BC2C39EC2874AEBC008854CE /* Debug */,
				BC2C39ED2874AEBC008854CE /* Release */,
			);
			defaultConfigurationIsVisible = 0;
			defaultConfigurationName = Release;
		};
/* End XCConfigurationList section */
	};
	rootObject = BC2C39CF2874AEBB008854CE /* Project object */;
}
